
Microsoft Visual Studio Solution File, Format Version 12.00
# Visual Studio Version 17
VisualStudioVersion = 17.0.31903.59
MinimumVisualStudioVersion = 10.0.40219.1
Project("{2150E333-8FDC-42A3-9474-1A3956D46DE8}") = "src", "src", "{827E0CD3-B72D-47B6-A68D-7590B98EB39B}"
EndProject
Project("{2150E333-8FDC-42A3-9474-1A3956D46DE8}") = "BuildingBlocks", "BuildingBlocks", "{90298CBA-BD6F-3A0A-69D5-97CAD7B05E7E}"
EndProject
Project("{FAE04EC0-301F-11D3-BF4B-00C04F79EFBC}") = "Core.Contracts", "src\BuildingBlocks\Core.Contracts\Core.Contracts.csproj", "{FE61251F-16EE-407E-B351-A795E8A2A4AA}"
EndProject
Project("{2150E333-8FDC-42A3-9474-1A3956D46DE8}") = "Services", "Services", "{984BB9B3-3FA3-BE33-9484-CAC21695A33C}"
EndProject
Project("{FAE04EC0-301F-11D3-BF4B-00C04F79EFBC}") = "Financial.Miner", "src\Services\Financial.Miner\Financial.Miner.csproj", "{7BD45CC6-57AC-4BB0-AFD0-D494A038F709}"
EndProject
Project("{FAE04EC0-301F-11D3-BF4B-00C04F79EFBC}") = "Notification.Worker", "src\Services\Notification.Worker\Notification.Worker.csproj", "{1EA871C6-9ECB-45B9-A029-27960CC0C2F6}"
EndProject
Project("{FAE04EC0-301F-11D3-BF4B-00C04F79EFBC}") = "Financial.Api", "src\Services\Financial.Api\Financial.Api.csproj", "{13E85F4E-CEA9-4CBC-BFCF-7B0B79E71F2C}"
EndProject
Global
	GlobalSection(SolutionConfigurationPlatforms) = preSolution
		Debug|Any CPU = Debug|Any CPU
		Debug|x64 = Debug|x64
		Debug|x86 = Debug|x86
		Release|Any CPU = Release|Any CPU
		Release|x64 = Release|x64
		Release|x86 = Release|x86
	EndGlobalSection
	GlobalSection(ProjectConfigurationPlatforms) = postSolution
		{FE61251F-16EE-407E-B351-A795E8A2A4AA}.Debug|Any CPU.ActiveCfg = Debug|Any CPU
		{FE61251F-16EE-407E-B351-A795E8A2A4AA}.Debug|Any CPU.Build.0 = Debug|Any CPU
		{FE61251F-16EE-407E-B351-A795E8A2A4AA}.Debug|x64.ActiveCfg = Debug|Any CPU
		{FE61251F-16EE-407E-B351-A795E8A2A4AA}.Debug|x64.Build.0 = Debug|Any CPU
		{FE61251F-16EE-407E-B351-A795E8A2A4AA}.Debug|x86.ActiveCfg = Debug|Any CPU
		{FE61251F-16EE-407E-B351-A795E8A2A4AA}.Debug|x86.Build.0 = Debug|Any CPU
		{FE61251F-16EE-407E-B351-A795E8A2A4AA}.Release|Any CPU.ActiveCfg = Release|Any CPU
		{FE61251F-16EE-407E-B351-A795E8A2A4AA}.Release|Any CPU.Build.0 = Release|Any CPU
		{FE61251F-16EE-407E-B351-A795E8A2A4AA}.Release|x64.ActiveCfg = Release|Any CPU
		{FE61251F-16EE-407E-B351-A795E8A2A4AA}.Release|x64.Build.0 = Release|Any CPU
		{FE61251F-16EE-407E-B351-A795E8A2A4AA}.Release|x86.ActiveCfg = Release|Any CPU
		{FE61251F-16EE-407E-B351-A795E8A2A4AA}.Release|x86.Build.0 = Release|Any CPU
		{7BD45CC6-57AC-4BB0-AFD0-D494A038F709}.Debug|Any CPU.ActiveCfg = Debug|Any CPU
		{7BD45CC6-57AC-4BB0-AFD0-D494A038F709}.Debug|Any CPU.Build.0 = Debug|Any CPU
		{7BD45CC6-57AC-4BB0-AFD0-D494A038F709}.Debug|x64.ActiveCfg = Debug|Any CPU
		{7BD45CC6-57AC-4BB0-AFD0-D494A038F709}.Debug|x64.Build.0 = Debug|Any CPU
		{7BD45CC6-57AC-4BB0-AFD0-D494A038F709}.Debug|x86.ActiveCfg = Debug|Any CPU
		{7BD45CC6-57AC-4BB0-AFD0-D494A038F709}.Debug|x86.Build.0 = Debug|Any CPU
		{7BD45CC6-57AC-4BB0-AFD0-D494A038F709}.Release|Any CPU.ActiveCfg = Release|Any CPU
		{7BD45CC6-57AC-4BB0-AFD0-D494A038F709}.Release|Any CPU.Build.0 = Release|Any CPU
		{7BD45CC6-57AC-4BB0-AFD0-D494A038F709}.Release|x64.ActiveCfg = Release|Any CPU
		{7BD45CC6-57AC-4BB0-AFD0-D494A038F709}.Release|x64.Build.0 = Release|Any CPU
		{7BD45CC6-57AC-4BB0-AFD0-D494A038F709}.Release|x86.ActiveCfg = Release|Any CPU
		{7BD45CC6-57AC-4BB0-AFD0-D494A038F709}.Release|x86.Build.0 = Release|Any CPU
		{1EA871C6-9ECB-45B9-A029-27960CC0C2F6}.Debug|Any CPU.ActiveCfg = Debug|Any CPU
		{1EA871C6-9ECB-45B9-A029-27960CC0C2F6}.Debug|Any CPU.Build.0 = Debug|Any CPU
		{1EA871C6-9ECB-45B9-A029-27960CC0C2F6}.Debug|x64.ActiveCfg = Debug|Any CPU
		{1EA871C6-9ECB-45B9-A029-27960CC0C2F6}.Debug|x64.Build.0 = Debug|Any CPU
		{1EA871C6-9ECB-45B9-A029-27960CC0C2F6}.Debug|x86.ActiveCfg = Debug|Any CPU
		{1EA871C6-9ECB-45B9-A029-27960CC0C2F6}.Debug|x86.Build.0 = Debug|Any CPU
		{1EA871C6-9ECB-45B9-A029-27960CC0C2F6}.Release|Any CPU.ActiveCfg = Release|Any CPU
		{1EA871C6-9ECB-45B9-A029-27960CC0C2F6}.Release|Any CPU.Build.0 = Release|Any CPU
		{1EA871C6-9ECB-45B9-A029-27960CC0C2F6}.Release|x64.ActiveCfg = Release|Any CPU
		{1EA871C6-9ECB-45B9-A029-27960CC0C2F6}.Release|x64.Build.0 = Release|Any CPU
		{1EA871C6-9ECB-45B9-A029-27960CC0C2F6}.Release|x86.ActiveCfg = Release|Any CPU
		{1EA871C6-9ECB-45B9-A029-27960CC0C2F6}.Release|x86.Build.0 = Release|Any CPU
		{13E85F4E-CEA9-4CBC-BFCF-7B0B79E71F2C}.Debug|Any CPU.ActiveCfg = Debug|Any CPU
		{13E85F4E-CEA9-4CBC-BFCF-7B0B79E71F2C}.Debug|Any CPU.Build.0 = Debug|Any CPU
		{13E85F4E-CEA9-4CBC-BFCF-7B0B79E71F2C}.Debug|x64.ActiveCfg = Debug|Any CPU
		{13E85F4E-CEA9-4CBC-BFCF-7B0B79E71F2C}.Debug|x64.Build.0 = Debug|Any CPU
		{13E85F4E-CEA9-4CBC-BFCF-7B0B79E71F2C}.Debug|x86.ActiveCfg = Debug|Any CPU
		{13E85F4E-CEA9-4CBC-BFCF-7B0B79E71F2C}.Debug|x86.Build.0 = Debug|Any CPU
		{13E85F4E-CEA9-4CBC-BFCF-7B0B79E71F2C}.Release|Any CPU.ActiveCfg = Release|Any CPU
		{13E85F4E-CEA9-4CBC-BFCF-7B0B79E71F2C}.Release|Any CPU.Build.0 = Release|Any CPU
		{13E85F4E-CEA9-4CBC-BFCF-7B0B79E71F2C}.Release|x64.ActiveCfg = Release|Any CPU
		{13E85F4E-CEA9-4CBC-BFCF-7B0B79E71F2C}.Release|x64.Build.0 = Release|Any CPU
		{13E85F4E-CEA9-4CBC-BFCF-7B0B79E71F2C}.Release|x86.ActiveCfg = Release|Any CPU
		{13E85F4E-CEA9-4CBC-BFCF-7B0B79E71F2C}.Release|x86.Build.0 = Release|Any CPU
	EndGlobalSection
	GlobalSection(SolutionProperties) = preSolution
		HideSolutionNode = FALSE
	EndGlobalSection
	GlobalSection(NestedProjects) = preSolution
		{90298CBA-BD6F-3A0A-69D5-97CAD7B05E7E} = {827E0CD3-B72D-47B6-A68D-7590B98EB39B}
		{FE61251F-16EE-407E-B351-A795E8A2A4AA} = {90298CBA-BD6F-3A0A-69D5-97CAD7B05E7E}
		{984BB9B3-3FA3-BE33-9484-CAC21695A33C} = {827E0CD3-B72D-47B6-A68D-7590B98EB39B}
		{7BD45CC6-57AC-4BB0-AFD0-D494A038F709} = {984BB9B3-3FA3-BE33-9484-CAC21695A33C}
		{1EA871C6-9ECB-45B9-A029-27960CC0C2F6} = {984BB9B3-3FA3-BE33-9484-CAC21695A33C}
		{13E85F4E-CEA9-4CBC-BFCF-7B0B79E71F2C} = {984BB9B3-3FA3-BE33-9484-CAC21695A33C}
	EndGlobalSection
EndGlobal
